
Microsoft Visual Studio Solution File, Format Version 12.00
# Visual Studio 15
VisualStudioVersion = 15.0.28307.168
MinimumVisualStudioVersion = 10.0.40219.1
Project("{FAE04EC0-301F-11D3-BF4B-00C04F79EFBC}") = "Journalife.Android", "Journalife\Journalife.Android\Journalife.Android.csproj", "{D2CB9FA7-C355-4C6F-9988-47610D236C2C}"
EndProject
Project("{FAE04EC0-301F-11D3-BF4B-00C04F79EFBC}") = "Journalife.iOS", "Journalife\Journalife.iOS\Journalife.iOS.csproj", "{9C5B213E-CC2D-418A-AF6E-C002D96F2C68}"
EndProject
Project("{FAE04EC0-301F-11D3-BF4B-00C04F79EFBC}") = "Journalife", "Journalife\Journalife\Journalife.csproj", "{5A5AEEC8-5984-418A-B34C-8BD5E4DEA7BC}"
EndProject
Global
	GlobalSection(SolutionConfigurationPlatforms) = preSolution
		Ad-Hoc|Any CPU = Ad-Hoc|Any CPU
		Ad-Hoc|iPhone = Ad-Hoc|iPhone
		Ad-Hoc|iPhoneSimulator = Ad-Hoc|iPhoneSimulator
		AppStore|Any CPU = AppStore|Any CPU
		AppStore|iPhone = AppStore|iPhone
		AppStore|iPhoneSimulator = AppStore|iPhoneSimulator
		Debug|Any CPU = Debug|Any CPU
		Debug|iPhone = Debug|iPhone
		Debug|iPhoneSimulator = Debug|iPhoneSimulator
		Release|Any CPU = Release|Any CPU
		Release|iPhone = Release|iPhone
		Release|iPhoneSimulator = Release|iPhoneSimulator
	EndGlobalSection
	GlobalSection(ProjectConfigurationPlatforms) = postSolution
		{D2CB9FA7-C355-4C6F-9988-47610D236C2C}.Ad-Hoc|Any CPU.ActiveCfg = Release|Any CPU
		{D2CB9FA7-C355-4C6F-9988-47610D236C2C}.Ad-Hoc|Any CPU.Build.0 = Release|Any CPU
		{D2CB9FA7-C355-4C6F-9988-47610D236C2C}.Ad-Hoc|Any CPU.Deploy.0 = Release|Any CPU
		{D2CB9FA7-C355-4C6F-9988-47610D236C2C}.Ad-Hoc|iPhone.ActiveCfg = Release|Any CPU
		{D2CB9FA7-C355-4C6F-9988-47610D236C2C}.Ad-Hoc|iPhone.Build.0 = Release|Any CPU
		{D2CB9FA7-C355-4C6F-9988-47610D236C2C}.Ad-Hoc|iPhone.Deploy.0 = Release|Any CPU
		{D2CB9FA7-C355-4C6F-9988-47610D236C2C}.Ad-Hoc|iPhoneSimulator.ActiveCfg = Release|Any CPU
		{D2CB9FA7-C355-4C6F-9988-47610D236C2C}.Ad-Hoc|iPhoneSimulator.Build.0 = Release|Any CPU
		{D2CB9FA7-C355-4C6F-9988-47610D236C2C}.Ad-Hoc|iPhoneSimulator.Deploy.0 = Release|Any CPU
		{D2CB9FA7-C355-4C6F-9988-47610D236C2C}.AppStore|Any CPU.ActiveCfg = Release|Any CPU
		{D2CB9FA7-C355-4C6F-9988-47610D236C2C}.AppStore|Any CPU.Build.0 = Release|Any CPU
		{D2CB9FA7-C355-4C6F-9988-47610D236C2C}.AppStore|Any CPU.Deploy.0 = Release|Any CPU
		{D2CB9FA7-C355-4C6F-9988-47610D236C2C}.AppStore|iPhone.ActiveCfg = Release|Any CPU
		{D2CB9FA7-C355-4C6F-9988-47610D236C2C}.AppStore|iPhone.Build.0 = Release|Any CPU
		{D2CB9FA7-C355-4C6F-9988-47610D236C2C}.AppStore|iPhone.Deploy.0 = Release|Any CPU
		{D2CB9FA7-C355-4C6F-9988-47610D236C2C}.AppStore|iPhoneSimulator.ActiveCfg = Release|Any CPU
		{D2CB9FA7-C355-4C6F-9988-47610D236C2C}.AppStore|iPhoneSimulator.Build.0 = Release|Any CPU
		{D2CB9FA7-C355-4C6F-9988-47610D236C2C}.AppStore|iPhoneSimulator.Deploy.0 = Release|Any CPU
		{D2CB9FA7-C355-4C6F-9988-47610D236C2C}.Debug|Any CPU.ActiveCfg = Debug|Any CPU
		{D2CB9FA7-C355-4C6F-9988-47610D236C2C}.Debug|Any CPU.Build.0 = Debug|Any CPU
		{D2CB9FA7-C355-4C6F-9988-47610D236C2C}.Debug|Any CPU.Deploy.0 = Debug|Any CPU
		{D2CB9FA7-C355-4C6F-9988-47610D236C2C}.Debug|iPhone.ActiveCfg = Debug|Any CPU
		{D2CB9FA7-C355-4C6F-9988-47610D236C2C}.Debug|iPhone.Build.0 = Debug|Any CPU
		{D2CB9FA7-C355-4C6F-9988-47610D236C2C}.Debug|iPhone.Deploy.0 = Debug|Any CPU
		{D2CB9FA7-C355-4C6F-9988-47610D236C2C}.Debug|iPhoneSimulator.ActiveCfg = Debug|Any CPU
		{D2CB9FA7-C355-4C6F-9988-47610D236C2C}.Debug|iPhoneSimulator.Build.0 = Debug|Any CPU
		{D2CB9FA7-C355-4C6F-9988-47610D236C2C}.Debug|iPhoneSimulator.Deploy.0 = Debug|Any CPU
		{D2CB9FA7-C355-4C6F-9988-47610D236C2C}.Release|Any CPU.ActiveCfg = Release|Any CPU
		{D2CB9FA7-C355-4C6F-9988-47610D236C2C}.Release|Any CPU.Build.0 = Release|Any CPU
		{D2CB9FA7-C355-4C6F-9988-47610D236C2C}.Release|Any CPU.Deploy.0 = Release|Any CPU
		{D2CB9FA7-C355-4C6F-9988-47610D236C2C}.Release|iPhone.ActiveCfg = Release|Any CPU
		{D2CB9FA7-C355-4C6F-9988-47610D236C2C}.Release|iPhone.Build.0 = Release|Any CPU
		{D2CB9FA7-C355-4C6F-9988-47610D236C2C}.Release|iPhone.Deploy.0 = Release|Any CPU
		{D2CB9FA7-C355-4C6F-9988-47610D236C2C}.Release|iPhoneSimulator.ActiveCfg = Release|Any CPU
		{D2CB9FA7-C355-4C6F-9988-47610D236C2C}.Release|iPhoneSimulator.Build.0 = Release|Any CPU
		{D2CB9FA7-C355-4C6F-9988-47610D236C2C}.Release|iPhoneSimulator.Deploy.0 = Release|Any CPU
		{9C5B213E-CC2D-418A-AF6E-C002D96F2C68}.Ad-Hoc|Any CPU.ActiveCfg = Ad-Hoc|iPhone
		{9C5B213E-CC2D-418A-AF6E-C002D96F2C68}.Ad-Hoc|Any CPU.Build.0 = Ad-Hoc|iPhone
		{9C5B213E-CC2D-418A-AF6E-C002D96F2C68}.Ad-Hoc|Any CPU.Deploy.0 = Ad-Hoc|iPhone
		{9C5B213E-CC2D-418A-AF6E-C002D96F2C68}.Ad-Hoc|iPhone.ActiveCfg = Ad-Hoc|iPhone
		{9C5B213E-CC2D-418A-AF6E-C002D96F2C68}.Ad-Hoc|iPhone.Build.0 = Ad-Hoc|iPhone
		{9C5B213E-CC2D-418A-AF6E-C002D96F2C68}.Ad-Hoc|iPhone.Deploy.0 = Ad-Hoc|iPhone
		{9C5B213E-CC2D-418A-AF6E-C002D96F2C68}.Ad-Hoc|iPhoneSimulator.ActiveCfg = Ad-Hoc|iPhoneSimulator
		{9C5B213E-CC2D-418A-AF6E-C002D96F2C68}.Ad-Hoc|iPhoneSimulator.Build.0 = Ad-Hoc|iPhoneSimulator
		{9C5B213E-CC2D-418A-AF6E-C002D96F2C68}.Ad-Hoc|iPhoneSimulator.Deploy.0 = Ad-Hoc|iPhoneSimulator
		{9C5B213E-CC2D-418A-AF6E-C002D96F2C68}.AppStore|Any CPU.ActiveCfg = AppStore|iPhone
		{9C5B213E-CC2D-418A-AF6E-C002D96F2C68}.AppStore|Any CPU.Build.0 = AppStore|iPhone
		{9C5B213E-CC2D-418A-AF6E-C002D96F2C68}.AppStore|Any CPU.Deploy.0 = AppStore|iPhone
		{9C5B213E-CC2D-418A-AF6E-C002D96F2C68}.AppStore|iPhone.ActiveCfg = AppStore|iPhone
		{9C5B213E-CC2D-418A-AF6E-C002D96F2C68}.AppStore|iPhone.Build.0 = AppStore|iPhone
		{9C5B213E-CC2D-418A-AF6E-C002D96F2C68}.AppStore|iPhone.Deploy.0 = AppStore|iPhone
		{9C5B213E-CC2D-418A-AF6E-C002D96F2C68}.AppStore|iPhoneSimulator.ActiveCfg = AppStore|iPhoneSimulator
		{9C5B213E-CC2D-418A-AF6E-C002D96F2C68}.AppStore|iPhoneSimulator.Build.0 = AppStore|iPhoneSimulator
		{9C5B213E-CC2D-418A-AF6E-C002D96F2C68}.AppStore|iPhoneSimulator.Deploy.0 = AppStore|iPhoneSimulator
		{9C5B213E-CC2D-418A-AF6E-C002D96F2C68}.Debug|Any CPU.ActiveCfg = Debug|iPhoneSimulator
		{9C5B213E-CC2D-418A-AF6E-C002D96F2C68}.Debug|Any CPU.Build.0 = Debug|iPhoneSimulator
		{9C5B213E-CC2D-418A-AF6E-C002D96F2C68}.Debug|Any CPU.Deploy.0 = Debug|iPhoneSimulator
		{9C5B213E-CC2D-418A-AF6E-C002D96F2C68}.Debug|iPhone.ActiveCfg = Debug|iPhone
		{9C5B213E-CC2D-418A-AF6E-C002D96F2C68}.Debug|iPhone.Build.0 = Debug|iPhone
		{9C5B213E-CC2D-418A-AF6E-C002D96F2C68}.Debug|iPhone.Deploy.0 = Debug|iPhone
		{9C5B213E-CC2D-418A-AF6E-C002D96F2C68}.Debug|iPhoneSimulator.ActiveCfg = Debug|iPhoneSimulator
		{9C5B213E-CC2D-418A-AF6E-C002D96F2C68}.Debug|iPhoneSimulator.Build.0 = Debug|iPhoneSimulator
		{9C5B213E-CC2D-418A-AF6E-C002D96F2C68}.Debug|iPhoneSimulator.Deploy.0 = Debug|iPhoneSimulator
		{9C5B213E-CC2D-418A-AF6E-C002D96F2C68}.Release|Any CPU.ActiveCfg = Release|iPhone
		{9C5B213E-CC2D-418A-AF6E-C002D96F2C68}.Release|Any CPU.Build.0 = Release|iPhone
		{9C5B213E-CC2D-418A-AF6E-C002D96F2C68}.Release|Any CPU.Deploy.0 = Release|iPhone
		{9C5B213E-CC2D-418A-AF6E-C002D96F2C68}.Release|iPhone.ActiveCfg = Release|iPhone
		{9C5B213E-CC2D-418A-AF6E-C002D96F2C68}.Release|iPhone.Build.0 = Release|iPhone
		{9C5B213E-CC2D-418A-AF6E-C002D96F2C68}.Release|iPhone.Deploy.0 = Release|iPhone
		{9C5B213E-CC2D-418A-AF6E-C002D96F2C68}.Release|iPhoneSimulator.ActiveCfg = Release|iPhoneSimulator
		{9C5B213E-CC2D-418A-AF6E-C002D96F2C68}.Release|iPhoneSimulator.Build.0 = Release|iPhoneSimulator
		{9C5B213E-CC2D-418A-AF6E-C002D96F2C68}.Release|iPhoneSimulator.Deploy.0 = Release|iPhoneSimulator
		{5A5AEEC8-5984-418A-B34C-8BD5E4DEA7BC}.Ad-Hoc|Any CPU.ActiveCfg = Debug|Any CPU
		{5A5AEEC8-5984-418A-B34C-8BD5E4DEA7BC}.Ad-Hoc|Any CPU.Build.0 = Debug|Any CPU
		{5A5AEEC8-5984-418A-B34C-8BD5E4DEA7BC}.Ad-Hoc|Any CPU.Deploy.0 = Debug|Any CPU
		{5A5AEEC8-5984-418A-B34C-8BD5E4DEA7BC}.Ad-Hoc|iPhone.ActiveCfg = Debug|Any CPU
		{5A5AEEC8-5984-418A-B34C-8BD5E4DEA7BC}.Ad-Hoc|iPhone.Build.0 = Debug|Any CPU
		{5A5AEEC8-5984-418A-B34C-8BD5E4DEA7BC}.Ad-Hoc|iPhone.Deploy.0 = Debug|Any CPU
		{5A5AEEC8-5984-418A-B34C-8BD5E4DEA7BC}.Ad-Hoc|iPhoneSimulator.ActiveCfg = Debug|Any CPU
		{5A5AEEC8-5984-418A-B34C-8BD5E4DEA7BC}.Ad-Hoc|iPhoneSimulator.Build.0 = Debug|Any CPU
		{5A5AEEC8-5984-418A-B34C-8BD5E4DEA7BC}.Ad-Hoc|iPhoneSimulator.Deploy.0 = Debug|Any CPU
		{5A5AEEC8-5984-418A-B34C-8BD5E4DEA7BC}.AppStore|Any CPU.ActiveCfg = Debug|Any CPU
		{5A5AEEC8-5984-418A-B34C-8BD5E4DEA7BC}.AppStore|Any CPU.Build.0 = Debug|Any CPU
		{5A5AEEC8-5984-418A-B34C-8BD5E4DEA7BC}.AppStore|Any CPU.Deploy.0 = Debug|Any CPU
		{5A5AEEC8-5984-418A-B34C-8BD5E4DEA7BC}.AppStore|iPhone.ActiveCfg = Debug|Any CPU
		{5A5AEEC8-5984-418A-B34C-8BD5E4DEA7BC}.AppStore|iPhone.Build.0 = Debug|Any CPU
		{5A5AEEC8-5984-418A-B34C-8BD5E4DEA7BC}.AppStore|iPhone.Deploy.0 = Debug|Any CPU
		{5A5AEEC8-5984-418A-B34C-8BD5E4DEA7BC}.AppStore|iPhoneSimulator.ActiveCfg = Debug|Any CPU
		{5A5AEEC8-5984-418A-B34C-8BD5E4DEA7BC}.AppStore|iPhoneSimulator.Build.0 = Debug|Any CPU
		{5A5AEEC8-5984-418A-B34C-8BD5E4DEA7BC}.AppStore|iPhoneSimulator.Deploy.0 = Debug|Any CPU
		{5A5AEEC8-5984-418A-B34C-8BD5E4DEA7BC}.Debug|Any CPU.ActiveCfg = Debug|Any CPU
		{5A5AEEC8-5984-418A-B34C-8BD5E4DEA7BC}.Debug|Any CPU.Build.0 = Debug|Any CPU
		{5A5AEEC8-5984-418A-B34C-8BD5E4DEA7BC}.Debug|Any CPU.Deploy.0 = Debug|Any CPU
		{5A5AEEC8-5984-418A-B34C-8BD5E4DEA7BC}.Debug|iPhone.ActiveCfg = Debug|Any CPU
		{5A5AEEC8-5984-418A-B34C-8BD5E4DEA7BC}.Debug|iPhone.Build.0 = Debug|Any CPU
		{5A5AEEC8-5984-418A-B34C-8BD5E4DEA7BC}.Debug|iPhone.Deploy.0 = Debug|Any CPU
		{5A5AEEC8-5984-418A-B34C-8BD5E4DEA7BC}.Debug|iPhoneSimulator.ActiveCfg = Debug|Any CPU
		{5A5AEEC8-5984-418A-B34C-8BD5E4DEA7BC}.Debug|iPhoneSimulator.Build.0 = Debug|Any CPU
		{5A5AEEC8-5984-418A-B34C-8BD5E4DEA7BC}.Debug|iPhoneSimulator.Deploy.0 = Debug|Any CPU
		{5A5AEEC8-5984-418A-B34C-8BD5E4DEA7BC}.Release|Any CPU.ActiveCfg = Release|Any CPU
		{5A5AEEC8-5984-418A-B34C-8BD5E4DEA7BC}.Release|Any CPU.Build.0 = Release|Any CPU
		{5A5AEEC8-5984-418A-B34C-8BD5E4DEA7BC}.Release|Any CPU.Deploy.0 = Release|Any CPU
		{5A5AEEC8-5984-418A-B34C-8BD5E4DEA7BC}.Release|iPhone.ActiveCfg = Release|Any CPU
		{5A5AEEC8-5984-418A-B34C-8BD5E4DEA7BC}.Release|iPhone.Build.0 = Release|Any CPU
		{5A5AEEC8-5984-418A-B34C-8BD5E4DEA7BC}.Release|iPhone.Deploy.0 = Release|Any CPU
		{5A5AEEC8-5984-418A-B34C-8BD5E4DEA7BC}.Release|iPhoneSimulator.ActiveCfg = Release|Any CPU
		{5A5AEEC8-5984-418A-B34C-8BD5E4DEA7BC}.Release|iPhoneSimulator.Build.0 = Release|Any CPU
		{5A5AEEC8-5984-418A-B34C-8BD5E4DEA7BC}.Release|iPhoneSimulator.Deploy.0 = Release|Any CPU
	EndGlobalSection
	GlobalSection(SolutionProperties) = preSolution
		HideSolutionNode = FALSE
	EndGlobalSection
	GlobalSection(ExtensibilityGlobals) = postSolution
		SolutionGuid = {25657E8E-4997-4EEE-A34D-AF10F20ADE04}
	EndGlobalSection
EndGlobal
